// !$*UTF8*$!
{
	archiveVersion = 1;
	classes = {
	};
	objectVersion = 46;
	objects = {

/* Begin PBXBuildFile section */
		1A55D1D41DB2F0C20067B218 /* AppDelegate.swift in Sources */ = {isa = PBXBuildFile; fileRef = 1A55D1D31DB2F0C20067B218 /* AppDelegate.swift */; };
		1A55D1D61DB2F0C20067B218 /* MoviesTableViewController.swift in Sources */ = {isa = PBXBuildFile; fileRef = 1A55D1D51DB2F0C20067B218 /* MoviesTableViewController.swift */; };
		1A55D1D91DB2F0C20067B218 /* Main.storyboard in Resources */ = {isa = PBXBuildFile; fileRef = 1A55D1D71DB2F0C20067B218 /* Main.storyboard */; };
		1A55D1DE1DB2F0C20067B218 /* LaunchScreen.storyboard in Resources */ = {isa = PBXBuildFile; fileRef = 1A55D1DC1DB2F0C20067B218 /* LaunchScreen.storyboard */; };
		1A55D1E91DB2F6750067B218 /* Story.swift in Sources */ = {isa = PBXBuildFile; fileRef = 1A55D1E81DB2F6750067B218 /* Story.swift */; };
		1A55D1EC1DB2FADD0067B218 /* MoviesDetailTableViewCell.swift in Sources */ = {isa = PBXBuildFile; fileRef = 1A55D1EB1DB2FADD0067B218 /* MoviesDetailTableViewCell.swift */; };
		1A55D1F21DB346EE0067B218 /* MoviesDetailViewController.swift in Sources */ = {isa = PBXBuildFile; fileRef = 1A55D1F11DB346EE0067B218 /* MoviesDetailViewController.swift */; };
		1A79081C1DB3560C00006A76 /* z6BP8yLwck8mN9dtdYKkZ4XGa3D.jpg in Resources */ = {isa = PBXBuildFile; fileRef = 1A79081B1DB3560C00006A76 /* z6BP8yLwck8mN9dtdYKkZ4XGa3D.jpg */; };
		1AF3F9001DB5EF1300ED9512 /* mqdefault.jpg in Resources */ = {isa = PBXBuildFile; fileRef = 1AF3F8FF1DB5EF1300ED9512 /* mqdefault.jpg */; };
		A5B1FEBFE39DDF2440F88D9F /* Pods_MovieGoer.framework in Frameworks */ = {isa = PBXBuildFile; fileRef = 8ACEE1ED25D1E0A61792EB43 /* Pods_MovieGoer.framework */; };
/* End PBXBuildFile section */

/* Begin PBXFileReference section */
		1A55D1D01DB2F0C20067B218 /* MovieGoer.app */ = {isa = PBXFileReference; explicitFileType = wrapper.application; includeInIndex = 0; path = MovieGoer.app; sourceTree = BUILT_PRODUCTS_DIR; };
		1A55D1D31DB2F0C20067B218 /* AppDelegate.swift */ = {isa = PBXFileReference; lastKnownFileType = sourcecode.swift; path = AppDelegate.swift; sourceTree = "<group>"; };
		1A55D1D51DB2F0C20067B218 /* MoviesTableViewController.swift */ = {isa = PBXFileReference; lastKnownFileType = sourcecode.swift; path = MoviesTableViewController.swift; sourceTree = "<group>"; };
		1A55D1D81DB2F0C20067B218 /* Base */ = {isa = PBXFileReference; lastKnownFileType = file.storyboard; name = Base; path = Base.lproj/Main.storyboard; sourceTree = "<group>"; };
		1A55D1DD1DB2F0C20067B218 /* Base */ = {isa = PBXFileReference; lastKnownFileType = file.storyboard; name = Base; path = Base.lproj/LaunchScreen.storyboard; sourceTree = "<group>"; };
		1A55D1DF1DB2F0C20067B218 /* Info.plist */ = {isa = PBXFileReference; lastKnownFileType = text.plist.xml; path = Info.plist; sourceTree = "<group>"; };
		1A55D1E81DB2F6750067B218 /* Story.swift */ = {isa = PBXFileReference; fileEncoding = 4; lastKnownFileType = sourcecode.swift; path = Story.swift; sourceTree = "<group>"; };
		1A55D1EB1DB2FADD0067B218 /* MoviesDetailTableViewCell.swift */ = {isa = PBXFileReference; fileEncoding = 4; lastKnownFileType = sourcecode.swift; path = MoviesDetailTableViewCell.swift; sourceTree = "<group>"; };
		1A55D1F11DB346EE0067B218 /* MoviesDetailViewController.swift */ = {isa = PBXFileReference; fileEncoding = 4; lastKnownFileType = sourcecode.swift; path = MoviesDetailViewController.swift; sourceTree = "<group>"; };
		1A79081B1DB3560C00006A76 /* z6BP8yLwck8mN9dtdYKkZ4XGa3D.jpg */ = {isa = PBXFileReference; lastKnownFileType = image.jpeg; path = z6BP8yLwck8mN9dtdYKkZ4XGa3D.jpg; sourceTree = "<group>"; };
		1AF3F8FF1DB5EF1300ED9512 /* mqdefault.jpg */ = {isa = PBXFileReference; lastKnownFileType = image.jpeg; path = mqdefault.jpg; sourceTree = "<group>"; };
		3AFB07BEEF3C4F50FF49E9BE /* Pods-MovieGoer.release.xcconfig */ = {isa = PBXFileReference; includeInIndex = 1; lastKnownFileType = text.xcconfig; name = "Pods-MovieGoer.release.xcconfig"; path = "Pods/Target Support Files/Pods-MovieGoer/Pods-MovieGoer.release.xcconfig"; sourceTree = "<group>"; };
		8ACEE1ED25D1E0A61792EB43 /* Pods_MovieGoer.framework */ = {isa = PBXFileReference; explicitFileType = wrapper.framework; includeInIndex = 0; path = Pods_MovieGoer.framework; sourceTree = BUILT_PRODUCTS_DIR; };
		DA582B2DF8C4AB9A78F0FE89 /* Pods-MovieGoer.debug.xcconfig */ = {isa = PBXFileReference; includeInIndex = 1; lastKnownFileType = text.xcconfig; name = "Pods-MovieGoer.debug.xcconfig"; path = "Pods/Target Support Files/Pods-MovieGoer/Pods-MovieGoer.debug.xcconfig"; sourceTree = "<group>"; };
/* End PBXFileReference section */

/* Begin PBXFrameworksBuildPhase section */
		1A55D1CD1DB2F0C20067B218 /* Frameworks */ = {
			isa = PBXFrameworksBuildPhase;
			buildActionMask = 2147483647;
			files = (
				A5B1FEBFE39DDF2440F88D9F /* Pods_MovieGoer.framework in Frameworks */,
			);
			runOnlyForDeploymentPostprocessing = 0;
		};
/* End PBXFrameworksBuildPhase section */

/* Begin PBXGroup section */
		1A55D1C71DB2F0C20067B218 = {
			isa = PBXGroup;
			children = (
				1A55D1D21DB2F0C20067B218 /* MovieGoer */,
				1A55D1D11DB2F0C20067B218 /* Products */,
				4F00AC0F3F9A0989BDBA1828 /* Pods */,
				6B4D210F3D363F93B650896E /* Frameworks */,
			);
			sourceTree = "<group>";
		};
		1A55D1D11DB2F0C20067B218 /* Products */ = {
			isa = PBXGroup;
			children = (
				1A55D1D01DB2F0C20067B218 /* MovieGoer.app */,
			);
			name = Products;
			sourceTree = "<group>";
		};
		1A55D1D21DB2F0C20067B218 /* MovieGoer */ = {
			isa = PBXGroup;
			children = (
				1A55D1EA1DB2FAB10067B218 /* View */,
				1A55D1E51DB2F19A0067B218 /* Utility */,
				1A55D1D31DB2F0C20067B218 /* AppDelegate.swift */,
				1AF3F9021DB5EF7F00ED9512 /* ViewController */,
				1AF3F9011DB5EF7500ED9512 /* Assets */,
				1A55D1D71DB2F0C20067B218 /* Main.storyboard */,
				1A55D1DC1DB2F0C20067B218 /* LaunchScreen.storyboard */,
				1A55D1DF1DB2F0C20067B218 /* Info.plist */,
			);
			path = MovieGoer;
			sourceTree = "<group>";
		};
		1A55D1E51DB2F19A0067B218 /* Utility */ = {
			isa = PBXGroup;
			children = (
				1A55D1E81DB2F6750067B218 /* Story.swift */,
			);
			name = Utility;
			sourceTree = "<group>";
		};
		1A55D1EA1DB2FAB10067B218 /* View */ = {
			isa = PBXGroup;
			children = (
				1A55D1EB1DB2FADD0067B218 /* MoviesDetailTableViewCell.swift */,
			);
			name = View;
			sourceTree = "<group>";
		};
		1AF3F9011DB5EF7500ED9512 /* Assets */ = {
			isa = PBXGroup;
			children = (
				1AF3F8FF1DB5EF1300ED9512 /* mqdefault.jpg */,
				1A79081B1DB3560C00006A76 /* z6BP8yLwck8mN9dtdYKkZ4XGa3D.jpg */,
			);
			name = Assets;
			sourceTree = "<group>";
		};
		1AF3F9021DB5EF7F00ED9512 /* ViewController */ = {
			isa = PBXGroup;
			children = (
				1A55D1D51DB2F0C20067B218 /* MoviesTableViewController.swift */,
				1A55D1F11DB346EE0067B218 /* MoviesDetailViewController.swift */,
			);
			name = ViewController;
			sourceTree = "<group>";
		};
		4F00AC0F3F9A0989BDBA1828 /* Pods */ = {
			isa = PBXGroup;
			children = (
				DA582B2DF8C4AB9A78F0FE89 /* Pods-MovieGoer.debug.xcconfig */,
				3AFB07BEEF3C4F50FF49E9BE /* Pods-MovieGoer.release.xcconfig */,
			);
			name = Pods;
			sourceTree = "<group>";
		};
		6B4D210F3D363F93B650896E /* Frameworks */ = {
			isa = PBXGroup;
			children = (
				8ACEE1ED25D1E0A61792EB43 /* Pods_MovieGoer.framework */,
			);
			name = Frameworks;
			sourceTree = "<group>";
		};
/* End PBXGroup section */

/* Begin PBXNativeTarget section */
		1A55D1CF1DB2F0C20067B218 /* MovieGoer */ = {
			isa = PBXNativeTarget;
			buildConfigurationList = 1A55D1E21DB2F0C20067B218 /* Build configuration list for PBXNativeTarget "MovieGoer" */;
			buildPhases = (
				5506A0463F57D52FDBE42B0D /* [CP] Check Pods Manifest.lock */,
				1A55D1CC1DB2F0C20067B218 /* Sources */,
				1A55D1CD1DB2F0C20067B218 /* Frameworks */,
				1A55D1CE1DB2F0C20067B218 /* Resources */,
				5624F23CE704BB305923A31A /* [CP] Embed Pods Frameworks */,
				C936976AF3D9A5B17DAF6168 /* [CP] Copy Pods Resources */,
			);
			buildRules = (
			);
			dependencies = (
			);
			name = MovieGoer;
			productName = MovieGoer;
			productReference = 1A55D1D01DB2F0C20067B218 /* MovieGoer.app */;
			productType = "com.apple.product-type.application";
		};
/* End PBXNativeTarget section */

/* Begin PBXProject section */
		1A55D1C81DB2F0C20067B218 /* Project object */ = {
			isa = PBXProject;
			attributes = {
				LastSwiftUpdateCheck = 0800;
				LastUpgradeCheck = 0800;
				ORGANIZATIONNAME = "Zhia Chong";
				TargetAttributes = {
					1A55D1CF1DB2F0C20067B218 = {
						CreatedOnToolsVersion = 8.0;
						ProvisioningStyle = Automatic;
					};
				};
			};
			buildConfigurationList = 1A55D1CB1DB2F0C20067B218 /* Build configuration list for PBXProject "MovieGoer" */;
			compatibilityVersion = "Xcode 3.2";
			developmentRegion = English;
			hasScannedForEncodings = 0;
			knownRegions = (
				en,
				Base,
			);
			mainGroup = 1A55D1C71DB2F0C20067B218;
			productRefGroup = 1A55D1D11DB2F0C20067B218 /* Products */;
			projectDirPath = "";
			projectRoot = "";
			targets = (
				1A55D1CF1DB2F0C20067B218 /* MovieGoer */,
			);
		};
/* End PBXProject section */

/* Begin PBXResourcesBuildPhase section */
		1A55D1CE1DB2F0C20067B218 /* Resources */ = {
			isa = PBXResourcesBuildPhase;
			buildActionMask = 2147483647;
			files = (
				1A79081C1DB3560C00006A76 /* z6BP8yLwck8mN9dtdYKkZ4XGa3D.jpg in Resources */,
				1A55D1DE1DB2F0C20067B218 /* LaunchScreen.storyboard in Resources */,
				1A55D1D91DB2F0C20067B218 /* Main.storyboard in Resources */,
				1AF3F9001DB5EF1300ED9512 /* mqdefault.jpg in Resources */,
			);
			runOnlyForDeploymentPostprocessing = 0;
		};
/* End PBXResourcesBuildPhase section */

/* Begin PBXShellScriptBuildPhase section */
		5506A0463F57D52FDBE42B0D /* [CP] Check Pods Manifest.lock */ = {
			isa = PBXShellScriptBuildPhase;
			buildActionMask = 2147483647;
			files = (
			);
			inputPaths = (
			);
			name = "[CP] Check Pods Manifest.lock";
			outputPaths = (
			);
			runOnlyForDeploymentPostprocessing = 0;
			shellPath = /bin/sh;
			shellScript = "diff \"${PODS_ROOT}/../Podfile.lock\" \"${PODS_ROOT}/Manifest.lock\" > /dev/null\nif [ $? != 0 ] ; then\n    # print error to STDERR\n    echo \"error: The sandbox is not in sync with the Podfile.lock. Run 'pod install' or update your CocoaPods installation.\" >&2\n    exit 1\nfi\n";
			showEnvVarsInLog = 0;
		};
		5624F23CE704BB305923A31A /* [CP] Embed Pods Frameworks */ = {
			isa = PBXShellScriptBuildPhase;
			buildActionMask = 2147483647;
			files = (
			);
			inputPaths = (
			);
			name = "[CP] Embed Pods Frameworks";
			outputPaths = (
			);
			runOnlyForDeploymentPostprocessing = 0;
			shellPath = /bin/sh;
			shellScript = "\"${SRCROOT}/Pods/Target Support Files/Pods-MovieGoer/Pods-MovieGoer-frameworks.sh\"\n";
			showEnvVarsInLog = 0;
		};
		C936976AF3D9A5B17DAF6168 /* [CP] Copy Pods Resources */ = {
			isa = PBXShellScriptBuildPhase;
			buildActionMask = 2147483647;
			files = (
			);
			inputPaths = (
			);
			name = "[CP] Copy Pods Resources";
			outputPaths = (
			);
			runOnlyForDeploymentPostprocessing = 0;
			shellPath = /bin/sh;
			shellScript = "\"${SRCROOT}/Pods/Target Support Files/Pods-MovieGoer/Pods-MovieGoer-resources.sh\"\n";
			showEnvVarsInLog = 0;
		};
/* End PBXShellScriptBuildPhase section */

/* Begin PBXSourcesBuildPhase section */
		1A55D1CC1DB2F0C20067B218 /* Sources */ = {
			isa = PBXSourcesBuildPhase;
			buildActionMask = 2147483647;
			files = (
				1A55D1D61DB2F0C20067B218 /* MoviesTableViewController.swift in Sources */,
				1A55D1F21DB346EE0067B218 /* MoviesDetailViewController.swift in Sources */,
				1A55D1D41DB2F0C20067B218 /* AppDelegate.swift in Sources */,
				1A55D1E91DB2F6750067B218 /* Story.swift in Sources */,
				1A55D1EC1DB2FADD0067B218 /* MoviesDetailTableViewCell.swift in Sources */,
			);
			runOnlyForDeploymentPostprocessing = 0;
		};
/* End PBXSourcesBuildPhase section */

/* Begin PBXVariantGroup section */
		1A55D1D71DB2F0C20067B218 /* Main.storyboard */ = {
			isa = PBXVariantGroup;
			children = (
				1A55D1D81DB2F0C20067B218 /* Base */,
			);
			name = Main.storyboard;
			sourceTree = "<group>";
		};
		1A55D1DC1DB2F0C20067B218 /* LaunchScreen.storyboard */ = {
			isa = PBXVariantGroup;
			children = (
				1A55D1DD1DB2F0C20067B218 /* Base */,
			);
			name = LaunchScreen.storyboard;
			sourceTree = "<group>";
		};
/* End PBXVariantGroup section */

/* Begin XCBuildConfiguration section */
		1A55D1E01DB2F0C20067B218 /* Debug */ = {
			isa = XCBuildConfiguration;
			buildSettings = {
				ALWAYS_SEARCH_USER_PATHS = NO;
				CLANG_ANALYZER_NONNULL = YES;
				CLANG_CXX_LANGUAGE_STANDARD = "gnu++0x";
				CLANG_CXX_LIBRARY = "libc++";
				CLANG_ENABLE_MODULES = YES;
				CLANG_ENABLE_OBJC_ARC = YES;
				CLANG_WARN_BOOL_CONVERSION = YES;
				CLANG_WARN_CONSTANT_CONVERSION = YES;
				CLANG_WARN_DIRECT_OBJC_ISA_USAGE = YES_ERROR;
				CLANG_WARN_DOCUMENTATION_COMMENTS = YES;
				CLANG_WARN_EMPTY_BODY = YES;
				CLANG_WARN_ENUM_CONVERSION = YES;
				CLANG_WARN_INFINITE_RECURSION = YES;
				CLANG_WARN_INT_CONVERSION = YES;
				CLANG_WARN_OBJC_ROOT_CLASS = YES_ERROR;
				CLANG_WARN_SUSPICIOUS_MOVES = YES;
				CLANG_WARN_UNREACHABLE_CODE = YES;
				CLANG_WARN__DUPLICATE_METHOD_MATCH = YES;
				"CODE_SIGN_IDENTITY[sdk=iphoneos*]" = "iPhone Developer";
				COPY_PHASE_STRIP = NO;
				DEBUG_INFORMATION_FORMAT = dwarf;
				ENABLE_STRICT_OBJC_MSGSEND = YES;
				ENABLE_TESTABILITY = YES;
				GCC_C_LANGUAGE_STANDARD = gnu99;
				GCC_DYNAMIC_NO_PIC = NO;
				GCC_NO_COMMON_BLOCKS = YES;
				GCC_OPTIMIZATION_LEVEL = 0;
				GCC_PREPROCESSOR_DEFINITIONS = (
					"DEBUG=1",
					"$(inherited)",
				);
				GCC_WARN_64_TO_32_BIT_CONVERSION = YES;
				GCC_WARN_ABOUT_RETURN_TYPE = YES_ERROR;
				GCC_WARN_UNDECLARED_SELECTOR = YES;
				GCC_WARN_UNINITIALIZED_AUTOS = YES_AGGRESSIVE;
				GCC_WARN_UNUSED_FUNCTION = YES;
				GCC_WARN_UNUSED_VARIABLE = YES;
				IPHONEOS_DEPLOYMENT_TARGET = 10.0;
				MTL_ENABLE_DEBUG_INFO = YES;
				ONLY_ACTIVE_ARCH = YES;
				SDKROOT = iphoneos;
				SWIFT_ACTIVE_COMPILATION_CONDITIONS = DEBUG;
				SWIFT_OPTIMIZATION_LEVEL = "-Onone";
				TARGETED_DEVICE_FAMILY = "1,2";
			};
			name = Debug;
		};
		1A55D1E11DB2F0C20067B218 /* Release */ = {
			isa = XCBuildConfiguration;
			buildSettings = {
				ALWAYS_SEARCH_USER_PATHS = NO;
				CLANG_ANALYZER_NONNULL = YES;
				CLANG_CXX_LANGUAGE_STANDARD = "gnu++0x";
				CLANG_CXX_LIBRARY = "libc++";
				CLANG_ENABLE_MODULES = YES;
				CLANG_ENABLE_OBJC_ARC = YES;
				CLANG_WARN_BOOL_CONVERSION = YES;
				CLANG_WARN_CONSTANT_CONVERSION = YES;
				CLANG_WARN_DIRECT_OBJC_ISA_USAGE = YES_ERROR;
				CLANG_WARN_DOCUMENTATION_COMMENTS = YES;
				CLANG_WARN_EMPTY_BODY = YES;
				CLANG_WARN_ENUM_CONVERSION = YES;
				CLANG_WARN_INFINITE_RECURSION = YES;
				CLANG_WARN_INT_CONVERSION = YES;
				CLANG_WARN_OBJC_ROOT_CLASS = YES_ERROR;
				CLANG_WARN_SUSPICIOUS_MOVES = YES;
				CLANG_WARN_UNREACHABLE_CODE = YES;
				CLANG_WARN__DUPLICATE_METHOD_MATCH = YES;
				"CODE_SIGN_IDENTITY[sdk=iphoneos*]" = "iPhone Developer";
				COPY_PHASE_STRIP = NO;
				DEBUG_INFORMATION_FORMAT = "dwarf-with-dsym";
				ENABLE_NS_ASSERTIONS = NO;
				ENABLE_STRICT_OBJC_MSGSEND = YES;
				GCC_C_LANGUAGE_STANDARD = gnu99;
				GCC_NO_COMMON_BLOCKS = YES;
				GCC_WARN_64_TO_32_BIT_CONVERSION = YES;
				GCC_WARN_ABOUT_RETURN_TYPE = YES_ERROR;
				GCC_WARN_UNDECLARED_SELECTOR = YES;
				GCC_WARN_UNINITIALIZED_AUTOS = YES_AGGRESSIVE;
				GCC_WARN_UNUSED_FUNCTION = YES;
				GCC_WARN_UNUSED_VARIABLE = YES;
				IPHONEOS_DEPLOYMENT_TARGET = 10.0;
				MTL_ENABLE_DEBUG_INFO = NO;
				SDKROOT = iphoneos;
				SWIFT_OPTIMIZATION_LEVEL = "-Owholemodule";
				TARGETED_DEVICE_FAMILY = "1,2";
				VALIDATE_PRODUCT = YES;
			};
			name = Release;
		};
		1A55D1E31DB2F0C20067B218 /* Debug */ = {
			isa = XCBuildConfiguration;
			baseConfigurationReference = DA582B2DF8C4AB9A78F0FE89 /* Pods-MovieGoer.debug.xcconfig */;
			buildSettings = {
				ASSETCATALOG_COMPILER_APPICON_NAME = AppIcon;
				INFOPLIST_FILE = MovieGoer/Info.plist;
				LD_RUNPATH_SEARCH_PATHS = "$(inherited) @executable_path/Frameworks";
				PRODUCT_BUNDLE_IDENTIFIER = com.codepath.MovieGoer;
				PRODUCT_NAME = "$(TARGET_NAME)";
				SWIFT_VERSION = 3.0;
			};
			name = Debug;
		};
		1A55D1E41DB2F0C20067B218 /* Release */ = {
			isa = XCBuildConfiguration;
			baseConfigurationReference = 3AFB07BEEF3C4F50FF49E9BE /* Pods-MovieGoer.release.xcconfig */;
			buildSettings = {
				ASSETCATALOG_COMPILER_APPICON_NAME = AppIcon;
				INFOPLIST_FILE = MovieGoer/Info.plist;
				LD_RUNPATH_SEARCH_PATHS = "$(inherited) @executable_path/Frameworks";
				PRODUCT_BUNDLE_IDENTIFIER = com.codepath.MovieGoer;
				PRODUCT_NAME = "$(TARGET_NAME)";
				SWIFT_VERSION = 3.0;
			};
			name = Release;
		};
/* End XCBuildConfiguration section */

/* Begin XCConfigurationList section */
		1A55D1CB1DB2F0C20067B218 /* Build configuration list for PBXProject "MovieGoer" */ = {
			isa = XCConfigurationList;
			buildConfigurations = (
				1A55D1E01DB2F0C20067B218 /* Debug */,
				1A55D1E11DB2F0C20067B218 /* Release */,
			);
			defaultConfigurationIsVisible = 0;
			defaultConfigurationName = Release;
		};
		1A55D1E21DB2F0C20067B218 /* Build configuration list for PBXNativeTarget "MovieGoer" */ = {
			isa = XCConfigurationList;
			buildConfigurations = (
				1A55D1E31DB2F0C20067B218 /* Debug */,
				1A55D1E41DB2F0C20067B218 /* Release */,
			);
			defaultConfigurationIsVisible = 0;
			defaultConfigurationName = Release;
		};
/* End XCConfigurationList section */
	};
	rootObject = 1A55D1C81DB2F0C20067B218 /* Project object */;
}
